
Microsoft Visual Studio Solution File, Format Version 12.00
# Visual Studio Version 17
VisualStudioVersion = 17.14.36623.8
MinimumVisualStudioVersion = 10.0.40219.1
Project("{2150E333-8FDC-42A3-9474-1A3956D46DE8}") = "src", "src", "{827E0CD3-B72D-47B6-A68D-7590B98EB39B}"
EndProject
Project("{2150E333-8FDC-42A3-9474-1A3956D46DE8}") = "CourseHub.API", "CourseHub.API", "{BDA3C1EF-88B9-AEF0-7013-F7FAD12C3901}"
EndProject
Project("{FAE04EC0-301F-11D3-BF4B-00C04F79EFBC}") = "CourseHubBackend", "src\CourseHub.API\CourseHubBackend.csproj", "{1E50F42F-B2B3-4023-9956-ACEB77B78C8A}"
EndProject
Project("{FAE04EC0-301F-11D3-BF4B-00C04F79EFBC}") = "CourseHub.Domain", "src\CourseHub.Domain\CourseHub.Domain.csproj", "{862C4F3E-F83A-4F44-B1CA-47352A54EE27}"
EndProject
Project("{FAE04EC0-301F-11D3-BF4B-00C04F79EFBC}") = "CourseHub.Application", "src\CourseHub.Application\CourseHub.Application.csproj", "{93D60F88-898D-43FD-96B9-7EBB8B96DF9B}"
EndProject
Project("{FAE04EC0-301F-11D3-BF4B-00C04F79EFBC}") = "CourseHub.Infrastructure", "src\CourseHub.Infrastructure\CourseHub.Infrastructure.csproj", "{3CF1DBC7-C7AB-4FD6-88FD-4E251D172E0A}"
EndProject
Project("{2150E333-8FDC-42A3-9474-1A3956D46DE8}") = "tests", "tests", "{0AB3BF05-4346-4AA6-1389-037BE0695223}"
EndProject
Project("{FAE04EC0-301F-11D3-BF4B-00C04F79EFBC}") = "CourseHub.UnitTests", "tests\CourseHub.UnitTests\CourseHub.UnitTests.csproj", "{F990B52D-AAE7-4011-9093-E7CA050363BF}"
EndProject
Project("{FAE04EC0-301F-11D3-BF4B-00C04F79EFBC}") = "CourseHub.IntegrationTests", "tests\CourseHub.IntegrationTests\CourseHub.IntegrationTests.csproj", "{43A2B059-7884-4515-9D49-02C6359C2A03}"
EndProject
Global
	GlobalSection(SolutionConfigurationPlatforms) = preSolution
		Debug|Any CPU = Debug|Any CPU
		Debug|x64 = Debug|x64
		Debug|x86 = Debug|x86
		Release|Any CPU = Release|Any CPU
		Release|x64 = Release|x64
		Release|x86 = Release|x86
	EndGlobalSection
	GlobalSection(ProjectConfigurationPlatforms) = postSolution
		{1E50F42F-B2B3-4023-9956-ACEB77B78C8A}.Debug|Any CPU.ActiveCfg = Debug|Any CPU
		{1E50F42F-B2B3-4023-9956-ACEB77B78C8A}.Debug|Any CPU.Build.0 = Debug|Any CPU
		{1E50F42F-B2B3-4023-9956-ACEB77B78C8A}.Debug|x64.ActiveCfg = Debug|Any CPU
		{1E50F42F-B2B3-4023-9956-ACEB77B78C8A}.Debug|x64.Build.0 = Debug|Any CPU
		{1E50F42F-B2B3-4023-9956-ACEB77B78C8A}.Debug|x86.ActiveCfg = Debug|Any CPU
		{1E50F42F-B2B3-4023-9956-ACEB77B78C8A}.Debug|x86.Build.0 = Debug|Any CPU
		{1E50F42F-B2B3-4023-9956-ACEB77B78C8A}.Release|Any CPU.ActiveCfg = Release|Any CPU
		{1E50F42F-B2B3-4023-9956-ACEB77B78C8A}.Release|Any CPU.Build.0 = Release|Any CPU
		{1E50F42F-B2B3-4023-9956-ACEB77B78C8A}.Release|x64.ActiveCfg = Release|Any CPU
		{1E50F42F-B2B3-4023-9956-ACEB77B78C8A}.Release|x64.Build.0 = Release|Any CPU
		{1E50F42F-B2B3-4023-9956-ACEB77B78C8A}.Release|x86.ActiveCfg = Release|Any CPU
		{1E50F42F-B2B3-4023-9956-ACEB77B78C8A}.Release|x86.Build.0 = Release|Any CPU
		{862C4F3E-F83A-4F44-B1CA-47352A54EE27}.Debug|Any CPU.ActiveCfg = Debug|Any CPU
		{862C4F3E-F83A-4F44-B1CA-47352A54EE27}.Debug|Any CPU.Build.0 = Debug|Any CPU
		{862C4F3E-F83A-4F44-B1CA-47352A54EE27}.Debug|x64.ActiveCfg = Debug|Any CPU
		{862C4F3E-F83A-4F44-B1CA-47352A54EE27}.Debug|x64.Build.0 = Debug|Any CPU
		{862C4F3E-F83A-4F44-B1CA-47352A54EE27}.Debug|x86.ActiveCfg = Debug|Any CPU
		{862C4F3E-F83A-4F44-B1CA-47352A54EE27}.Debug|x86.Build.0 = Debug|Any CPU
		{862C4F3E-F83A-4F44-B1CA-47352A54EE27}.Release|Any CPU.ActiveCfg = Release|Any CPU
		{862C4F3E-F83A-4F44-B1CA-47352A54EE27}.Release|Any CPU.Build.0 = Release|Any CPU
		{862C4F3E-F83A-4F44-B1CA-47352A54EE27}.Release|x64.ActiveCfg = Release|Any CPU
		{862C4F3E-F83A-4F44-B1CA-47352A54EE27}.Release|x64.Build.0 = Release|Any CPU
		{862C4F3E-F83A-4F44-B1CA-47352A54EE27}.Release|x86.ActiveCfg = Release|Any CPU
		{862C4F3E-F83A-4F44-B1CA-47352A54EE27}.Release|x86.Build.0 = Release|Any CPU
		{93D60F88-898D-43FD-96B9-7EBB8B96DF9B}.Debug|Any CPU.ActiveCfg = Debug|Any CPU
		{93D60F88-898D-43FD-96B9-7EBB8B96DF9B}.Debug|Any CPU.Build.0 = Debug|Any CPU
		{93D60F88-898D-43FD-96B9-7EBB8B96DF9B}.Debug|x64.ActiveCfg = Debug|Any CPU
		{93D60F88-898D-43FD-96B9-7EBB8B96DF9B}.Debug|x64.Build.0 = Debug|Any CPU
		{93D60F88-898D-43FD-96B9-7EBB8B96DF9B}.Debug|x86.ActiveCfg = Debug|Any CPU
		{93D60F88-898D-43FD-96B9-7EBB8B96DF9B}.Debug|x86.Build.0 = Debug|Any CPU
		{93D60F88-898D-43FD-96B9-7EBB8B96DF9B}.Release|Any CPU.ActiveCfg = Release|Any CPU
		{93D60F88-898D-43FD-96B9-7EBB8B96DF9B}.Release|Any CPU.Build.0 = Release|Any CPU
		{93D60F88-898D-43FD-96B9-7EBB8B96DF9B}.Release|x64.ActiveCfg = Release|Any CPU
		{93D60F88-898D-43FD-96B9-7EBB8B96DF9B}.Release|x64.Build.0 = Release|Any CPU
		{93D60F88-898D-43FD-96B9-7EBB8B96DF9B}.Release|x86.ActiveCfg = Release|Any CPU
		{93D60F88-898D-43FD-96B9-7EBB8B96DF9B}.Release|x86.Build.0 = Release|Any CPU
		{3CF1DBC7-C7AB-4FD6-88FD-4E251D172E0A}.Debug|Any CPU.ActiveCfg = Debug|Any CPU
		{3CF1DBC7-C7AB-4FD6-88FD-4E251D172E0A}.Debug|Any CPU.Build.0 = Debug|Any CPU
		{3CF1DBC7-C7AB-4FD6-88FD-4E251D172E0A}.Debug|x64.ActiveCfg = Debug|Any CPU
		{3CF1DBC7-C7AB-4FD6-88FD-4E251D172E0A}.Debug|x64.Build.0 = Debug|Any CPU
		{3CF1DBC7-C7AB-4FD6-88FD-4E251D172E0A}.Debug|x86.ActiveCfg = Debug|Any CPU
		{3CF1DBC7-C7AB-4FD6-88FD-4E251D172E0A}.Debug|x86.Build.0 = Debug|Any CPU
		{3CF1DBC7-C7AB-4FD6-88FD-4E251D172E0A}.Release|Any CPU.ActiveCfg = Release|Any CPU
		{3CF1DBC7-C7AB-4FD6-88FD-4E251D172E0A}.Release|Any CPU.Build.0 = Release|Any CPU
		{3CF1DBC7-C7AB-4FD6-88FD-4E251D172E0A}.Release|x64.ActiveCfg = Release|Any CPU
		{3CF1DBC7-C7AB-4FD6-88FD-4E251D172E0A}.Release|x64.Build.0 = Release|Any CPU
		{3CF1DBC7-C7AB-4FD6-88FD-4E251D172E0A}.Release|x86.ActiveCfg = Release|Any CPU
		{3CF1DBC7-C7AB-4FD6-88FD-4E251D172E0A}.Release|x86.Build.0 = Release|Any CPU
		{F990B52D-AAE7-4011-9093-E7CA050363BF}.Debug|Any CPU.ActiveCfg = Debug|Any CPU
		{F990B52D-AAE7-4011-9093-E7CA050363BF}.Debug|Any CPU.Build.0 = Debug|Any CPU
		{F990B52D-AAE7-4011-9093-E7CA050363BF}.Debug|x64.ActiveCfg = Debug|Any CPU
		{F990B52D-AAE7-4011-9093-E7CA050363BF}.Debug|x64.Build.0 = Debug|Any CPU
		{F990B52D-AAE7-4011-9093-E7CA050363BF}.Debug|x86.ActiveCfg = Debug|Any CPU
		{F990B52D-AAE7-4011-9093-E7CA050363BF}.Debug|x86.Build.0 = Debug|Any CPU
		{F990B52D-AAE7-4011-9093-E7CA050363BF}.Release|Any CPU.ActiveCfg = Release|Any CPU
		{F990B52D-AAE7-4011-9093-E7CA050363BF}.Release|Any CPU.Build.0 = Release|Any CPU
		{F990B52D-AAE7-4011-9093-E7CA050363BF}.Release|x64.ActiveCfg = Release|Any CPU
		{F990B52D-AAE7-4011-9093-E7CA050363BF}.Release|x64.Build.0 = Release|Any CPU
		{F990B52D-AAE7-4011-9093-E7CA050363BF}.Release|x86.ActiveCfg = Release|Any CPU
		{F990B52D-AAE7-4011-9093-E7CA050363BF}.Release|x86.Build.0 = Release|Any CPU
		{43A2B059-7884-4515-9D49-02C6359C2A03}.Debug|Any CPU.ActiveCfg = Debug|Any CPU
		{43A2B059-7884-4515-9D49-02C6359C2A03}.Debug|Any CPU.Build.0 = Debug|Any CPU
		{43A2B059-7884-4515-9D49-02C6359C2A03}.Debug|x64.ActiveCfg = Debug|Any CPU
		{43A2B059-7884-4515-9D49-02C6359C2A03}.Debug|x64.Build.0 = Debug|Any CPU
		{43A2B059-7884-4515-9D49-02C6359C2A03}.Debug|x86.ActiveCfg = Debug|Any CPU
		{43A2B059-7884-4515-9D49-02C6359C2A03}.Debug|x86.Build.0 = Debug|Any CPU
		{43A2B059-7884-4515-9D49-02C6359C2A03}.Release|Any CPU.ActiveCfg = Release|Any CPU
		{43A2B059-7884-4515-9D49-02C6359C2A03}.Release|Any CPU.Build.0 = Release|Any CPU
		{43A2B059-7884-4515-9D49-02C6359C2A03}.Release|x64.ActiveCfg = Release|Any CPU
		{43A2B059-7884-4515-9D49-02C6359C2A03}.Release|x64.Build.0 = Release|Any CPU
		{43A2B059-7884-4515-9D49-02C6359C2A03}.Release|x86.ActiveCfg = Release|Any CPU
		{43A2B059-7884-4515-9D49-02C6359C2A03}.Release|x86.Build.0 = Release|Any CPU
	EndGlobalSection
	GlobalSection(SolutionProperties) = preSolution
		HideSolutionNode = FALSE
	EndGlobalSection
	GlobalSection(NestedProjects) = preSolution
		{BDA3C1EF-88B9-AEF0-7013-F7FAD12C3901} = {827E0CD3-B72D-47B6-A68D-7590B98EB39B}
		{1E50F42F-B2B3-4023-9956-ACEB77B78C8A} = {BDA3C1EF-88B9-AEF0-7013-F7FAD12C3901}
		{862C4F3E-F83A-4F44-B1CA-47352A54EE27} = {827E0CD3-B72D-47B6-A68D-7590B98EB39B}
		{93D60F88-898D-43FD-96B9-7EBB8B96DF9B} = {827E0CD3-B72D-47B6-A68D-7590B98EB39B}
		{3CF1DBC7-C7AB-4FD6-88FD-4E251D172E0A} = {827E0CD3-B72D-47B6-A68D-7590B98EB39B}
		{F990B52D-AAE7-4011-9093-E7CA050363BF} = {0AB3BF05-4346-4AA6-1389-037BE0695223}
		{43A2B059-7884-4515-9D49-02C6359C2A03} = {0AB3BF05-4346-4AA6-1389-037BE0695223}
	EndGlobalSection
	GlobalSection(ExtensibilityGlobals) = postSolution
		SolutionGuid = {AEAD347D-D436-4D6E-80D0-B335EACE431F}
	EndGlobalSection
EndGlobal
