
Microsoft Visual Studio Solution File, Format Version 12.00
# Visual Studio Version 17
VisualStudioVersion = 17.14.36623.8 d17.14
MinimumVisualStudioVersion = 10.0.40219.1
Project("{FAE04EC0-301F-11D3-BF4B-00C04F79EFBC}") = "CourseHub.Application", "CourseHub.Application.csproj", "{8B13A624-10C9-2670-A93D-843F41EB9CCD}"
EndProject
Global
	GlobalSection(SolutionConfigurationPlatforms) = preSolution
		Debug|Any CPU = Debug|Any CPU
		Release|Any CPU = Release|Any CPU
	EndGlobalSection
	GlobalSection(ProjectConfigurationPlatforms) = postSolution
		{8B13A624-10C9-2670-A93D-843F41EB9CCD}.Debug|Any CPU.ActiveCfg = Debug|Any CPU
		{8B13A624-10C9-2670-A93D-843F41EB9CCD}.Debug|Any CPU.Build.0 = Debug|Any CPU
		{8B13A624-10C9-2670-A93D-843F41EB9CCD}.Release|Any CPU.ActiveCfg = Release|Any CPU
		{8B13A624-10C9-2670-A93D-843F41EB9CCD}.Release|Any CPU.Build.0 = Release|Any CPU
	EndGlobalSection
	GlobalSection(SolutionProperties) = preSolution
		HideSolutionNode = FALSE
	EndGlobalSection
	GlobalSection(ExtensibilityGlobals) = postSolution
		SolutionGuid = {2E1EE7EB-23BB-4CB1-893B-21A53B26FD2A}
	EndGlobalSection
EndGlobal
