
Microsoft Visual Studio Solution File, Format Version 12.00
# Visual Studio Version 17
VisualStudioVersion = 17.14.36623.8 d17.14
MinimumVisualStudioVersion = 10.0.40219.1
Project("{FAE04EC0-301F-11D3-BF4B-00C04F79EFBC}") = "CourseHubBackend", "CourseHubBackend.csproj", "{5A5C68F0-5680-C836-2F7E-D48C76DA615E}"
EndProject
Global
	GlobalSection(SolutionConfigurationPlatforms) = preSolution
		Debug|Any CPU = Debug|Any CPU
		Release|Any CPU = Release|Any CPU
	EndGlobalSection
	GlobalSection(ProjectConfigurationPlatforms) = postSolution
		{5A5C68F0-5680-C836-2F7E-D48C76DA615E}.Debug|Any CPU.ActiveCfg = Debug|Any CPU
		{5A5C68F0-5680-C836-2F7E-D48C76DA615E}.Debug|Any CPU.Build.0 = Debug|Any CPU
		{5A5C68F0-5680-C836-2F7E-D48C76DA615E}.Release|Any CPU.ActiveCfg = Release|Any CPU
		{5A5C68F0-5680-C836-2F7E-D48C76DA615E}.Release|Any CPU.Build.0 = Release|Any CPU
	EndGlobalSection
	GlobalSection(SolutionProperties) = preSolution
		HideSolutionNode = FALSE
	EndGlobalSection
	GlobalSection(ExtensibilityGlobals) = postSolution
		SolutionGuid = {AED3CAC8-F1FC-4D04-AC30-4C6623C5F249}
	EndGlobalSection
EndGlobal
